<?xml version="1.0" encoding="UTF-8" standalone="yes" ?>
<CodeBlocks_project_file>
	<FileVersion major="1" minor="6" />
	<Project>
		<Option title="SDL_gfx" />
		<Option pch_mode="2" />
		<Option compiler="gcc" />
		<Build>
			<Target title="Debug">
				<Option output="bin/Debug/SDL_gfx" imp_lib="$(TARGET_OUTPUT_DIR)$(TARGET_OUTPUT_BASENAME).a" def_file="$(TARGET_OUTPUT_DIR)$(TARGET_OUTPUT_BASENAME).def" prefix_auto="1" extension_auto="1" />
				<Option object_output="obj/Debug/" />
				<Option type="3" />
				<Option compiler="gcc" />
				<Option createDefFile="1" />
				<Option createStaticLib="1" />
				<Compiler>
					<Add option="-g" />
				</Compiler>
			</Target>
			<Target title="Release">
				<Option output="bin/Release/SDL_gfx" prefix_auto="1" extension_auto="1" />
				<Option object_output="obj/Release/" />
				<Option type="0" />
				<Option compiler="gcc" />
				<Compiler>
					<Add option="-O2" />
				</Compiler>
				<Linker>
					<Add option="-s" />
				</Linker>
			</Target>
		</Build>
		<Compiler>
			<Add option="-Wall" />
			<Add directory="D:/win/Dev/lib/SDL-1.2.15/include" />
		</Compiler>
		<Linker>
			<Add library="mingw32" />
			<Add library="SDLmain" />
			<Add library="SDL.dll" />
			<Add library="user32" />
			<Add library="gdi32" />
			<Add library="winmm" />
			<Add library="dxguid" />
			<Add directory="D:/win/Dev/lib/SDL-1.2.15/lib" />
		</Linker>
		<Unit filename="cb.bmp" />
		<Unit filename="src/SDL_framerate.c">
			<Option compilerVar="CC" />
		</Unit>
		<Unit filename="src/SDL_framerate.h" />
		<Unit filename="src/SDL_gfxBlitFunc.c">
			<Option compilerVar="CC" />
		</Unit>
		<Unit filename="src/SDL_gfxBlitFunc.h" />
		<Unit filename="src/SDL_gfxPrimitives.c">
			<Option compilerVar="CC" />
		</Unit>
		<Unit filename="src/SDL_gfxPrimitives.h" />
		<Unit filename="src/SDL_gfxPrimitives_font.h" />
		<Unit filename="src/SDL_imageFilter.c">
			<Option compilerVar="CC" />
		</Unit>
		<Unit filename="src/SDL_imageFilter.h" />
		<Unit filename="src/SDL_rotozoom.c">
			<Option compilerVar="CC" />
		</Unit>
		<Unit filename="src/SDL_rotozoom.h" />
		<Extensions>
			<code_completion />
			<envvars />
			<debugger />
			<lib_finder disable_auto="1" />
		</Extensions>
	</Project>
</CodeBlocks_project_file>
